
Microsoft Visual Studio Solution File, Format Version 12.00
# Visual Studio Version 17
VisualStudioVersion = 17.13.35919.96
MinimumVisualStudioVersion = 10.0.40219.1
Project("{FAE04EC0-301F-11D3-BF4B-00C04F79EFBC}") = "Frontend", "Frontend.csproj", "{4FF3BC19-6A1B-47AD-8B62-DA72950DB9DE}"
EndProject
Global
	GlobalSection(SolutionConfigurationPlatforms) = preSolution
		Debug|Any CPU = Debug|Any CPU
		Release|Any CPU = Release|Any CPU
	EndGlobalSection
	GlobalSection(ProjectConfigurationPlatforms) = postSolution
		{4FF3BC19-6A1B-47AD-8B62-DA72950DB9DE}.Debug|Any CPU.ActiveCfg = Debug|Any CPU
		{4FF3BC19-6A1B-47AD-8B62-DA72950DB9DE}.Debug|Any CPU.Build.0 = Debug|Any CPU
		{4FF3BC19-6A1B-47AD-8B62-DA72950DB9DE}.Release|Any CPU.ActiveCfg = Release|Any CPU
		{4FF3BC19-6A1B-47AD-8B62-DA72950DB9DE}.Release|Any CPU.Build.0 = Release|Any CPU
	EndGlobalSection
	GlobalSection(SolutionProperties) = preSolution
		HideSolutionNode = FALSE
	EndGlobalSection
	GlobalSection(ExtensibilityGlobals) = postSolution
		SolutionGuid = {2CCE54FC-46EB-48D2-B975-6B11FA9E583D}
	EndGlobalSection
EndGlobal
